// !$*UTF8*$!
{
	archiveVersion = 1;
	classes = {
	};
	objectVersion = 51;
	objects = {

/* Begin PBXBuildFile section */
		C8465B2B23ECB0A700DE873C /* PokemonInfoController.swift in Sources */ = {isa = PBXBuildFile; fileRef = C8465B2A23ECB0A700DE873C /* PokemonInfoController.swift */; };
		C8465B2D23EE75BA00DE873C /* PokemonInfoData.swift in Sources */ = {isa = PBXBuildFile; fileRef = C8465B2C23EE75BA00DE873C /* PokemonInfoData.swift */; };
		C8465B2F23EE8E1300DE873C /* PokemonDescriptionData.swift in Sources */ = {isa = PBXBuildFile; fileRef = C8465B2E23EE8E1300DE873C /* PokemonDescriptionData.swift */; };
		C8465B3823EF05CB00DE873C /* PokemonFinal.swift in Sources */ = {isa = PBXBuildFile; fileRef = C8465B3723EF05CB00DE873C /* PokemonFinal.swift */; };
		C872D21423EB128A00285843 /* AppDelegate.swift in Sources */ = {isa = PBXBuildFile; fileRef = C872D21323EB128A00285843 /* AppDelegate.swift */; };
		C872D21623EB128A00285843 /* SceneDelegate.swift in Sources */ = {isa = PBXBuildFile; fileRef = C872D21523EB128A00285843 /* SceneDelegate.swift */; };
		C872D21B23EB128A00285843 /* Main.storyboard in Resources */ = {isa = PBXBuildFile; fileRef = C872D21923EB128A00285843 /* Main.storyboard */; };
		C872D21D23EB128B00285843 /* Assets.xcassets in Resources */ = {isa = PBXBuildFile; fileRef = C872D21C23EB128B00285843 /* Assets.xcassets */; };
		C872D22023EB128B00285843 /* LaunchScreen.storyboard in Resources */ = {isa = PBXBuildFile; fileRef = C872D21E23EB128B00285843 /* LaunchScreen.storyboard */; };
		C872D22C23EB262B00285843 /* PokemonListViewController.swift in Sources */ = {isa = PBXBuildFile; fileRef = C872D22B23EB262B00285843 /* PokemonListViewController.swift */; };
		C872D22F23EB275400285843 /* CollectionViewCell.swift in Sources */ = {isa = PBXBuildFile; fileRef = C872D22D23EB275400285843 /* CollectionViewCell.swift */; };
		C872D23023EB275400285843 /* CollectionViewCell.xib in Resources */ = {isa = PBXBuildFile; fileRef = C872D22E23EB275400285843 /* CollectionViewCell.xib */; };
		C872D23423EB2F2F00285843 /* PokemonManager.swift in Sources */ = {isa = PBXBuildFile; fileRef = C872D23323EB2F2F00285843 /* PokemonManager.swift */; };
		C872D23623EB2F5F00285843 /* PokemonModel.swift in Sources */ = {isa = PBXBuildFile; fileRef = C872D23523EB2F5F00285843 /* PokemonModel.swift */; };
		C872D23823EB2FEF00285843 /* PokemonData.swift in Sources */ = {isa = PBXBuildFile; fileRef = C872D23723EB2FEF00285843 /* PokemonData.swift */; };
		C872D23A23EB303F00285843 /* Constant.swift in Sources */ = {isa = PBXBuildFile; fileRef = C872D23923EB303F00285843 /* Constant.swift */; };
		CC95CA50C6AB758CC225053F /* Pods_Pokedex.framework in Frameworks */ = {isa = PBXBuildFile; fileRef = 0B49862360AB69496A63CAAF /* Pods_Pokedex.framework */; };
/* End PBXBuildFile section */

/* Begin PBXFileReference section */
		0B49862360AB69496A63CAAF /* Pods_Pokedex.framework */ = {isa = PBXFileReference; explicitFileType = wrapper.framework; includeInIndex = 0; path = Pods_Pokedex.framework; sourceTree = BUILT_PRODUCTS_DIR; };
		401E2889E9A10AF2B80A6CBA /* Pods-Pokedex.release.xcconfig */ = {isa = PBXFileReference; includeInIndex = 1; lastKnownFileType = text.xcconfig; name = "Pods-Pokedex.release.xcconfig"; path = "Target Support Files/Pods-Pokedex/Pods-Pokedex.release.xcconfig"; sourceTree = "<group>"; };
		B20B3BF50958B3202D432025 /* Pods-Pokedex.debug.xcconfig */ = {isa = PBXFileReference; includeInIndex = 1; lastKnownFileType = text.xcconfig; name = "Pods-Pokedex.debug.xcconfig"; path = "Target Support Files/Pods-Pokedex/Pods-Pokedex.debug.xcconfig"; sourceTree = "<group>"; };
		C8465B2A23ECB0A700DE873C /* PokemonInfoController.swift */ = {isa = PBXFileReference; lastKnownFileType = sourcecode.swift; path = PokemonInfoController.swift; sourceTree = "<group>"; };
		C8465B2C23EE75BA00DE873C /* PokemonInfoData.swift */ = {isa = PBXFileReference; lastKnownFileType = sourcecode.swift; path = PokemonInfoData.swift; sourceTree = "<group>"; };
		C8465B2E23EE8E1300DE873C /* PokemonDescriptionData.swift */ = {isa = PBXFileReference; lastKnownFileType = sourcecode.swift; path = PokemonDescriptionData.swift; sourceTree = "<group>"; };
		C8465B3723EF05CB00DE873C /* PokemonFinal.swift */ = {isa = PBXFileReference; lastKnownFileType = sourcecode.swift; path = PokemonFinal.swift; sourceTree = "<group>"; };
		C872D21023EB128A00285843 /* Pokedex.app */ = {isa = PBXFileReference; explicitFileType = wrapper.application; includeInIndex = 0; path = Pokedex.app; sourceTree = BUILT_PRODUCTS_DIR; };
		C872D21323EB128A00285843 /* AppDelegate.swift */ = {isa = PBXFileReference; lastKnownFileType = sourcecode.swift; path = AppDelegate.swift; sourceTree = "<group>"; };
		C872D21523EB128A00285843 /* SceneDelegate.swift */ = {isa = PBXFileReference; lastKnownFileType = sourcecode.swift; path = SceneDelegate.swift; sourceTree = "<group>"; };
		C872D21A23EB128A00285843 /* Base */ = {isa = PBXFileReference; lastKnownFileType = file.storyboard; name = Base; path = Base.lproj/Main.storyboard; sourceTree = "<group>"; };
		C872D21C23EB128B00285843 /* Assets.xcassets */ = {isa = PBXFileReference; lastKnownFileType = folder.assetcatalog; path = Assets.xcassets; sourceTree = "<group>"; };
		C872D21F23EB128B00285843 /* Base */ = {isa = PBXFileReference; lastKnownFileType = file.storyboard; name = Base; path = Base.lproj/LaunchScreen.storyboard; sourceTree = "<group>"; };
		C872D22123EB128B00285843 /* Info.plist */ = {isa = PBXFileReference; lastKnownFileType = text.plist.xml; path = Info.plist; sourceTree = "<group>"; };
		C872D22B23EB262B00285843 /* PokemonListViewController.swift */ = {isa = PBXFileReference; lastKnownFileType = sourcecode.swift; path = PokemonListViewController.swift; sourceTree = "<group>"; };
		C872D22D23EB275400285843 /* CollectionViewCell.swift */ = {isa = PBXFileReference; lastKnownFileType = sourcecode.swift; path = CollectionViewCell.swift; sourceTree = "<group>"; };
		C872D22E23EB275400285843 /* CollectionViewCell.xib */ = {isa = PBXFileReference; lastKnownFileType = file.xib; path = CollectionViewCell.xib; sourceTree = "<group>"; };
		C872D23323EB2F2F00285843 /* PokemonManager.swift */ = {isa = PBXFileReference; lastKnownFileType = sourcecode.swift; path = PokemonManager.swift; sourceTree = "<group>"; };
		C872D23523EB2F5F00285843 /* PokemonModel.swift */ = {isa = PBXFileReference; lastKnownFileType = sourcecode.swift; path = PokemonModel.swift; sourceTree = "<group>"; };
		C872D23723EB2FEF00285843 /* PokemonData.swift */ = {isa = PBXFileReference; lastKnownFileType = sourcecode.swift; path = PokemonData.swift; sourceTree = "<group>"; };
		C872D23923EB303F00285843 /* Constant.swift */ = {isa = PBXFileReference; lastKnownFileType = sourcecode.swift; path = Constant.swift; sourceTree = "<group>"; };
/* End PBXFileReference section */

/* Begin PBXFrameworksBuildPhase section */
		C872D20D23EB128A00285843 /* Frameworks */ = {
			isa = PBXFrameworksBuildPhase;
			buildActionMask = 2147483647;
			files = (
				CC95CA50C6AB758CC225053F /* Pods_Pokedex.framework in Frameworks */,
			);
			runOnlyForDeploymentPostprocessing = 0;
		};
/* End PBXFrameworksBuildPhase section */

/* Begin PBXGroup section */
		46A32A316B524062533F742D /* Pods */ = {
			isa = PBXGroup;
			children = (
				B20B3BF50958B3202D432025 /* Pods-Pokedex.debug.xcconfig */,
				401E2889E9A10AF2B80A6CBA /* Pods-Pokedex.release.xcconfig */,
			);
			path = Pods;
			sourceTree = "<group>";
		};
		C8465B3623EF056E00DE873C /* ViewModel */ = {
			isa = PBXGroup;
			children = (
				C8465B3723EF05CB00DE873C /* PokemonFinal.swift */,
			);
			path = ViewModel;
			sourceTree = "<group>";
		};
		C872D20723EB128A00285843 = {
			isa = PBXGroup;
			children = (
				C872D21223EB128A00285843 /* Pokedex */,
				C872D21123EB128A00285843 /* Products */,
				46A32A316B524062533F742D /* Pods */,
				E553DEB527FA124A1B8B55E3 /* Frameworks */,
			);
			sourceTree = "<group>";
		};
		C872D21123EB128A00285843 /* Products */ = {
			isa = PBXGroup;
			children = (
				C872D21023EB128A00285843 /* Pokedex.app */,
			);
			name = Products;
			sourceTree = "<group>";
		};
		C872D21223EB128A00285843 /* Pokedex */ = {
			isa = PBXGroup;
			children = (
				C8465B3623EF056E00DE873C /* ViewModel */,
				C872D22A23EB16A700285843 /* Model */,
				C872D22923EB16A000285843 /* View */,
				C872D22823EB169200285843 /* Controller */,
				C872D21323EB128A00285843 /* AppDelegate.swift */,
				C872D21523EB128A00285843 /* SceneDelegate.swift */,
				C872D21C23EB128B00285843 /* Assets.xcassets */,
				C872D21E23EB128B00285843 /* LaunchScreen.storyboard */,
				C872D22123EB128B00285843 /* Info.plist */,
				C872D23923EB303F00285843 /* Constant.swift */,
			);
			path = Pokedex;
			sourceTree = "<group>";
		};
		C872D22823EB169200285843 /* Controller */ = {
			isa = PBXGroup;
			children = (
				C872D22B23EB262B00285843 /* PokemonListViewController.swift */,
				C8465B2A23ECB0A700DE873C /* PokemonInfoController.swift */,
			);
			path = Controller;
			sourceTree = "<group>";
		};
		C872D22923EB16A000285843 /* View */ = {
			isa = PBXGroup;
			children = (
				C872D21923EB128A00285843 /* Main.storyboard */,
				C872D22D23EB275400285843 /* CollectionViewCell.swift */,
				C872D22E23EB275400285843 /* CollectionViewCell.xib */,
			);
			path = View;
			sourceTree = "<group>";
		};
		C872D22A23EB16A700285843 /* Model */ = {
			isa = PBXGroup;
			children = (
				C872D23323EB2F2F00285843 /* PokemonManager.swift */,
				C872D23523EB2F5F00285843 /* PokemonModel.swift */,
				C872D23723EB2FEF00285843 /* PokemonData.swift */,
				C8465B2C23EE75BA00DE873C /* PokemonInfoData.swift */,
				C8465B2E23EE8E1300DE873C /* PokemonDescriptionData.swift */,
			);
			path = Model;
			sourceTree = "<group>";
		};
		E553DEB527FA124A1B8B55E3 /* Frameworks */ = {
			isa = PBXGroup;
			children = (
				0B49862360AB69496A63CAAF /* Pods_Pokedex.framework */,
			);
			name = Frameworks;
			sourceTree = "<group>";
		};
/* End PBXGroup section */

/* Begin PBXNativeTarget section */
		C872D20F23EB128A00285843 /* Pokedex */ = {
			isa = PBXNativeTarget;
			buildConfigurationList = C872D22423EB128B00285843 /* Build configuration list for PBXNativeTarget "Pokedex" */;
			buildPhases = (
				EA0DFA6C0B4DD4E32290A910 /* [CP] Check Pods Manifest.lock */,
				C872D20C23EB128A00285843 /* Sources */,
				C872D20D23EB128A00285843 /* Frameworks */,
				C872D20E23EB128A00285843 /* Resources */,
				0FBFA06B32875C00FA0AAE2F /* [CP] Embed Pods Frameworks */,
			);
			buildRules = (
			);
			dependencies = (
			);
			name = Pokedex;
			productName = Pokedex;
			productReference = C872D21023EB128A00285843 /* Pokedex.app */;
			productType = "com.apple.product-type.application";
		};
/* End PBXNativeTarget section */

/* Begin PBXProject section */
		C872D20823EB128A00285843 /* Project object */ = {
			isa = PBXProject;
			attributes = {
				LastSwiftUpdateCheck = 1130;
				LastUpgradeCheck = 1130;
				ORGANIZATIONNAME = "Kanokporn Wongwaitayakul";
				TargetAttributes = {
					C872D20F23EB128A00285843 = {
						CreatedOnToolsVersion = 11.3.1;
					};
				};
			};
			buildConfigurationList = C872D20B23EB128A00285843 /* Build configuration list for PBXProject "Pokedex" */;
			compatibilityVersion = "Xcode 9.3";
			developmentRegion = en;
			hasScannedForEncodings = 0;
			knownRegions = (
				en,
				Base,
			);
			mainGroup = C872D20723EB128A00285843;
			productRefGroup = C872D21123EB128A00285843 /* Products */;
			projectDirPath = "";
			projectRoot = "";
			targets = (
				C872D20F23EB128A00285843 /* Pokedex */,
			);
		};
/* End PBXProject section */

/* Begin PBXResourcesBuildPhase section */
		C872D20E23EB128A00285843 /* Resources */ = {
			isa = PBXResourcesBuildPhase;
			buildActionMask = 2147483647;
			files = (
				C872D22023EB128B00285843 /* LaunchScreen.storyboard in Resources */,
				C872D21D23EB128B00285843 /* Assets.xcassets in Resources */,
				C872D23023EB275400285843 /* CollectionViewCell.xib in Resources */,
				C872D21B23EB128A00285843 /* Main.storyboard in Resources */,
			);
			runOnlyForDeploymentPostprocessing = 0;
		};
/* End PBXResourcesBuildPhase section */

/* Begin PBXShellScriptBuildPhase section */
		0FBFA06B32875C00FA0AAE2F /* [CP] Embed Pods Frameworks */ = {
			isa = PBXShellScriptBuildPhase;
			buildActionMask = 2147483647;
			files = (
			);
			inputFileListPaths = (
				"${PODS_ROOT}/Target Support Files/Pods-Pokedex/Pods-Pokedex-frameworks-${CONFIGURATION}-input-files.xcfilelist",
			);
			name = "[CP] Embed Pods Frameworks";
			outputFileListPaths = (
				"${PODS_ROOT}/Target Support Files/Pods-Pokedex/Pods-Pokedex-frameworks-${CONFIGURATION}-output-files.xcfilelist",
			);
			runOnlyForDeploymentPostprocessing = 0;
			shellPath = /bin/sh;
			shellScript = "\"${PODS_ROOT}/Target Support Files/Pods-Pokedex/Pods-Pokedex-frameworks.sh\"\n";
			showEnvVarsInLog = 0;
		};
		EA0DFA6C0B4DD4E32290A910 /* [CP] Check Pods Manifest.lock */ = {
			isa = PBXShellScriptBuildPhase;
			buildActionMask = 2147483647;
			files = (
			);
			inputFileListPaths = (
			);
			inputPaths = (
				"${PODS_PODFILE_DIR_PATH}/Podfile.lock",
				"${PODS_ROOT}/Manifest.lock",
			);
			name = "[CP] Check Pods Manifest.lock";
			outputFileListPaths = (
			);
			outputPaths = (
				"$(DERIVED_FILE_DIR)/Pods-Pokedex-checkManifestLockResult.txt",
			);
			runOnlyForDeploymentPostprocessing = 0;
			shellPath = /bin/sh;
			shellScript = "diff \"${PODS_PODFILE_DIR_PATH}/Podfile.lock\" \"${PODS_ROOT}/Manifest.lock\" > /dev/null\nif [ $? != 0 ] ; then\n    # print error to STDERR\n    echo \"error: The sandbox is not in sync with the Podfile.lock. Run 'pod install' or update your CocoaPods installation.\" >&2\n    exit 1\nfi\n# This output is used by Xcode 'outputs' to avoid re-running this script phase.\necho \"SUCCESS\" > \"${SCRIPT_OUTPUT_FILE_0}\"\n";
			showEnvVarsInLog = 0;
		};
/* End PBXShellScriptBuildPhase section */

/* Begin PBXSourcesBuildPhase section */
		C872D20C23EB128A00285843 /* Sources */ = {
			isa = PBXSourcesBuildPhase;
			buildActionMask = 2147483647;
			files = (
				C872D21423EB128A00285843 /* AppDelegate.swift in Sources */,
				C872D23823EB2FEF00285843 /* PokemonData.swift in Sources */,
				C872D23623EB2F5F00285843 /* PokemonModel.swift in Sources */,
				C8465B2D23EE75BA00DE873C /* PokemonInfoData.swift in Sources */,
				C872D23A23EB303F00285843 /* Constant.swift in Sources */,
				C872D21623EB128A00285843 /* SceneDelegate.swift in Sources */,
				C872D23423EB2F2F00285843 /* PokemonManager.swift in Sources */,
				C872D22F23EB275400285843 /* CollectionViewCell.swift in Sources */,
				C8465B3823EF05CB00DE873C /* PokemonFinal.swift in Sources */,
				C872D22C23EB262B00285843 /* PokemonListViewController.swift in Sources */,
				C8465B2B23ECB0A700DE873C /* PokemonInfoController.swift in Sources */,
				C8465B2F23EE8E1300DE873C /* PokemonDescriptionData.swift in Sources */,
			);
			runOnlyForDeploymentPostprocessing = 0;
		};
/* End PBXSourcesBuildPhase section */

/* Begin PBXVariantGroup section */
		C872D21923EB128A00285843 /* Main.storyboard */ = {
			isa = PBXVariantGroup;
			children = (
				C872D21A23EB128A00285843 /* Base */,
			);
			name = Main.storyboard;
			sourceTree = "<group>";
		};
		C872D21E23EB128B00285843 /* LaunchScreen.storyboard */ = {
			isa = PBXVariantGroup;
			children = (
				C872D21F23EB128B00285843 /* Base */,
			);
			name = LaunchScreen.storyboard;
			sourceTree = "<group>";
		};
/* End PBXVariantGroup section */

/* Begin XCBuildConfiguration section */
		C872D22223EB128B00285843 /* Debug */ = {
			isa = XCBuildConfiguration;
			buildSettings = {
				ALWAYS_SEARCH_USER_PATHS = NO;
				CLANG_ANALYZER_NONNULL = YES;
				CLANG_ANALYZER_NUMBER_OBJECT_CONVERSION = YES_AGGRESSIVE;
				CLANG_CXX_LANGUAGE_STANDARD = "gnu++14";
				CLANG_CXX_LIBRARY = "libc++";
				CLANG_ENABLE_MODULES = YES;
				CLANG_ENABLE_OBJC_ARC = YES;
				CLANG_ENABLE_OBJC_WEAK = YES;
				CLANG_WARN_BLOCK_CAPTURE_AUTORELEASING = YES;
				CLANG_WARN_BOOL_CONVERSION = YES;
				CLANG_WARN_COMMA = YES;
				CLANG_WARN_CONSTANT_CONVERSION = YES;
				CLANG_WARN_DEPRECATED_OBJC_IMPLEMENTATIONS = YES;
				CLANG_WARN_DIRECT_OBJC_ISA_USAGE = YES_ERROR;
				CLANG_WARN_DOCUMENTATION_COMMENTS = YES;
				CLANG_WARN_EMPTY_BODY = YES;
				CLANG_WARN_ENUM_CONVERSION = YES;
				CLANG_WARN_INFINITE_RECURSION = YES;
				CLANG_WARN_INT_CONVERSION = YES;
				CLANG_WARN_NON_LITERAL_NULL_CONVERSION = YES;
				CLANG_WARN_OBJC_IMPLICIT_RETAIN_SELF = YES;
				CLANG_WARN_OBJC_LITERAL_CONVERSION = YES;
				CLANG_WARN_OBJC_ROOT_CLASS = YES_ERROR;
				CLANG_WARN_RANGE_LOOP_ANALYSIS = YES;
				CLANG_WARN_STRICT_PROTOTYPES = YES;
				CLANG_WARN_SUSPICIOUS_MOVE = YES;
				CLANG_WARN_UNGUARDED_AVAILABILITY = YES_AGGRESSIVE;
				CLANG_WARN_UNREACHABLE_CODE = YES;
				CLANG_WARN__DUPLICATE_METHOD_MATCH = YES;
				COPY_PHASE_STRIP = NO;
				DEBUG_INFORMATION_FORMAT = dwarf;
				ENABLE_STRICT_OBJC_MSGSEND = YES;
				ENABLE_TESTABILITY = YES;
				GCC_C_LANGUAGE_STANDARD = gnu11;
				GCC_DYNAMIC_NO_PIC = NO;
				GCC_NO_COMMON_BLOCKS = YES;
				GCC_OPTIMIZATION_LEVEL = 0;
				GCC_PREPROCESSOR_DEFINITIONS = (
					"DEBUG=1",
					"$(inherited)",
				);
				GCC_WARN_64_TO_32_BIT_CONVERSION = YES;
				GCC_WARN_ABOUT_RETURN_TYPE = YES_ERROR;
				GCC_WARN_UNDECLARED_SELECTOR = YES;
				GCC_WARN_UNINITIALIZED_AUTOS = YES_AGGRESSIVE;
				GCC_WARN_UNUSED_FUNCTION = YES;
				GCC_WARN_UNUSED_VARIABLE = YES;
				IPHONEOS_DEPLOYMENT_TARGET = 13.2;
				MTL_ENABLE_DEBUG_INFO = INCLUDE_SOURCE;
				MTL_FAST_MATH = YES;
				ONLY_ACTIVE_ARCH = YES;
				SDKROOT = iphoneos;
				SWIFT_ACTIVE_COMPILATION_CONDITIONS = DEBUG;
				SWIFT_OPTIMIZATION_LEVEL = "-Onone";
			};
			name = Debug;
		};
		C872D22323EB128B00285843 /* Release */ = {
			isa = XCBuildConfiguration;
			buildSettings = {
				ALWAYS_SEARCH_USER_PATHS = NO;
				CLANG_ANALYZER_NONNULL = YES;
				CLANG_ANALYZER_NUMBER_OBJECT_CONVERSION = YES_AGGRESSIVE;
				CLANG_CXX_LANGUAGE_STANDARD = "gnu++14";
				CLANG_CXX_LIBRARY = "libc++";
				CLANG_ENABLE_MODULES = YES;
				CLANG_ENABLE_OBJC_ARC = YES;
				CLANG_ENABLE_OBJC_WEAK = YES;
				CLANG_WARN_BLOCK_CAPTURE_AUTORELEASING = YES;
				CLANG_WARN_BOOL_CONVERSION = YES;
				CLANG_WARN_COMMA = YES;
				CLANG_WARN_CONSTANT_CONVERSION = YES;
				CLANG_WARN_DEPRECATED_OBJC_IMPLEMENTATIONS = YES;
				CLANG_WARN_DIRECT_OBJC_ISA_USAGE = YES_ERROR;
				CLANG_WARN_DOCUMENTATION_COMMENTS = YES;
				CLANG_WARN_EMPTY_BODY = YES;
				CLANG_WARN_ENUM_CONVERSION = YES;
				CLANG_WARN_INFINITE_RECURSION = YES;
				CLANG_WARN_INT_CONVERSION = YES;
				CLANG_WARN_NON_LITERAL_NULL_CONVERSION = YES;
				CLANG_WARN_OBJC_IMPLICIT_RETAIN_SELF = YES;
				CLANG_WARN_OBJC_LITERAL_CONVERSION = YES;
				CLANG_WARN_OBJC_ROOT_CLASS = YES_ERROR;
				CLANG_WARN_RANGE_LOOP_ANALYSIS = YES;
				CLANG_WARN_STRICT_PROTOTYPES = YES;
				CLANG_WARN_SUSPICIOUS_MOVE = YES;
				CLANG_WARN_UNGUARDED_AVAILABILITY = YES_AGGRESSIVE;
				CLANG_WARN_UNREACHABLE_CODE = YES;
				CLANG_WARN__DUPLICATE_METHOD_MATCH = YES;
				COPY_PHASE_STRIP = NO;
				DEBUG_INFORMATION_FORMAT = "dwarf-with-dsym";
				ENABLE_NS_ASSERTIONS = NO;
				ENABLE_STRICT_OBJC_MSGSEND = YES;
				GCC_C_LANGUAGE_STANDARD = gnu11;
				GCC_NO_COMMON_BLOCKS = YES;
				GCC_WARN_64_TO_32_BIT_CONVERSION = YES;
				GCC_WARN_ABOUT_RETURN_TYPE = YES_ERROR;
				GCC_WARN_UNDECLARED_SELECTOR = YES;
				GCC_WARN_UNINITIALIZED_AUTOS = YES_AGGRESSIVE;
				GCC_WARN_UNUSED_FUNCTION = YES;
				GCC_WARN_UNUSED_VARIABLE = YES;
				IPHONEOS_DEPLOYMENT_TARGET = 13.2;
				MTL_ENABLE_DEBUG_INFO = NO;
				MTL_FAST_MATH = YES;
				SDKROOT = iphoneos;
				SWIFT_COMPILATION_MODE = wholemodule;
				SWIFT_OPTIMIZATION_LEVEL = "-O";
				VALIDATE_PRODUCT = YES;
			};
			name = Release;
		};
		C872D22523EB128B00285843 /* Debug */ = {
			isa = XCBuildConfiguration;
			baseConfigurationReference = B20B3BF50958B3202D432025 /* Pods-Pokedex.debug.xcconfig */;
			buildSettings = {
				ASSETCATALOG_COMPILER_APPICON_NAME = AppIcon;
				CODE_SIGN_STYLE = Automatic;
				DEVELOPMENT_TEAM = NK47D3F5VR;
				INFOPLIST_FILE = Pokedex/Info.plist;
				IPHONEOS_DEPLOYMENT_TARGET = 13.0;
				LD_RUNPATH_SEARCH_PATHS = (
					"$(inherited)",
					"@executable_path/Frameworks",
				);
				PRODUCT_BUNDLE_IDENTIFIER = WWK.Pokedex;
				PRODUCT_NAME = "$(TARGET_NAME)";
				SWIFT_VERSION = 5.0;
				TARGETED_DEVICE_FAMILY = 1;
			};
			name = Debug;
		};
		C872D22623EB128B00285843 /* Release */ = {
			isa = XCBuildConfiguration;
			baseConfigurationReference = 401E2889E9A10AF2B80A6CBA /* Pods-Pokedex.release.xcconfig */;
			buildSettings = {
				ASSETCATALOG_COMPILER_APPICON_NAME = AppIcon;
				CODE_SIGN_STYLE = Automatic;
				DEVELOPMENT_TEAM = NK47D3F5VR;
				INFOPLIST_FILE = Pokedex/Info.plist;
				IPHONEOS_DEPLOYMENT_TARGET = 13.0;
				LD_RUNPATH_SEARCH_PATHS = (
					"$(inherited)",
					"@executable_path/Frameworks",
				);
				PRODUCT_BUNDLE_IDENTIFIER = WWK.Pokedex;
				PRODUCT_NAME = "$(TARGET_NAME)";
				SWIFT_VERSION = 5.0;
				TARGETED_DEVICE_FAMILY = 1;
			};
			name = Release;
		};
/* End XCBuildConfiguration section */

/* Begin XCConfigurationList section */
		C872D20B23EB128A00285843 /* Build configuration list for PBXProject "Pokedex" */ = {
			isa = XCConfigurationList;
			buildConfigurations = (
				C872D22223EB128B00285843 /* Debug */,
				C872D22323EB128B00285843 /* Release */,
			);
			defaultConfigurationIsVisible = 0;
			defaultConfigurationName = Release;
		};
		C872D22423EB128B00285843 /* Build configuration list for PBXNativeTarget "Pokedex" */ = {
			isa = XCConfigurationList;
			buildConfigurations = (
				C872D22523EB128B00285843 /* Debug */,
				C872D22623EB128B00285843 /* Release */,
			);
			defaultConfigurationIsVisible = 0;
			defaultConfigurationName = Release;
		};
/* End XCConfigurationList section */
	};
	rootObject = C872D20823EB128A00285843 /* Project object */;
}
